{
  "name": "codekit-project",
  "version": "1.0.0",
  "lockfileVersion": 1,
  "requires": true,
  "dependencies": {
    "zurb-twentytwenty": {
      "version": "0.1.1",
      "resolved": "https://registry.npmjs.org/zurb-twentytwenty/-/zurb-twentytwenty-0.1.1.tgz",
      "integrity": "sha512-kYZ6yWmZ/DrmLrUQjzGOPyyuizJFszW303AMj6ZsTSHPsu4ychVSReVqBqwDFxKgKfU+UqN3nR9k0hifKrFjeg=="
    }
  }
}
